
Microsoft Visual Studio Solution File, Format Version 12.00
# Visual Studio Version 17
VisualStudioVersion = 17.11.35222.181
MinimumVisualStudioVersion = 10.0.40219.1
Project("{FAE04EC0-301F-11D3-BF4B-00C04F79EFBC}") = "Kursprojekt", "Kursprojekt\Kursprojekt.csproj", "{BACA1B20-A9C8-4E83-957B-9F7067DAB651}"
EndProject
Global
	GlobalSection(SolutionConfigurationPlatforms) = preSolution
		Debug|Any CPU = Debug|Any CPU
		Release|Any CPU = Release|Any CPU
	EndGlobalSection
	GlobalSection(ProjectConfigurationPlatforms) = postSolution
		{BACA1B20-A9C8-4E83-957B-9F7067DAB651}.Debug|Any CPU.ActiveCfg = Debug|Any CPU
		{BACA1B20-A9C8-4E83-957B-9F7067DAB651}.Debug|Any CPU.Build.0 = Debug|Any CPU
		{BACA1B20-A9C8-4E83-957B-9F7067DAB651}.Release|Any CPU.ActiveCfg = Release|Any CPU
		{BACA1B20-A9C8-4E83-957B-9F7067DAB651}.Release|Any CPU.Build.0 = Release|Any CPU
	EndGlobalSection
	GlobalSection(SolutionProperties) = preSolution
		HideSolutionNode = FALSE
	EndGlobalSection
	GlobalSection(ExtensibilityGlobals) = postSolution
		SolutionGuid = {E4DA891B-453F-4B5B-9208-95223A272635}
	EndGlobalSection
EndGlobal
